
Microsoft Visual Studio Solution File, Format Version 12.00
# Visual Studio 14
VisualStudioVersion = 14.0.25420.1
MinimumVisualStudioVersion = 10.0.40219.1
Project("{FAE04EC0-301F-11D3-BF4B-00C04F79EFBC}") = "PeriodicBackgroundService.Android", "PeriodicBackgroundService.Android\PeriodicBackgroundService.Android.csproj", "{028864C1-BC49-4A75-8B80-C0D01F7F9826}"
EndProject
Project("{FAE04EC0-301F-11D3-BF4B-00C04F79EFBC}") = "PeriodicBackgroundService.iOS", "PeriodicBackgroundService.iOS\PeriodicBackgroundService.iOS.csproj", "{BC8F38D0-4B6A-4B97-A1CF-7E32E1BE6873}"
EndProject
Project("{FAE04EC0-301F-11D3-BF4B-00C04F79EFBC}") = "PeriodicBackgroundService.UWP", "PeriodicBackgroundService.UWP\PeriodicBackgroundService.UWP.csproj", "{33E1EB34-2B19-4F1C-824C-1C9F04314A30}"
EndProject
Project("{FAE04EC0-301F-11D3-BF4B-00C04F79EFBC}") = "PeriodicBackgroundService.UWP.BackgroundTasks", "PeriodicBackgroundService.UWP.BackgroundTasks\PeriodicBackgroundService.UWP.BackgroundTasks.csproj", "{4BBDADDC-CEA8-40FC-8B6A-C27FBB01F1F9}"
EndProject
Global
	GlobalSection(SolutionConfigurationPlatforms) = preSolution
		Ad-Hoc|Any CPU = Ad-Hoc|Any CPU
		Ad-Hoc|ARM = Ad-Hoc|ARM
		Ad-Hoc|iPhone = Ad-Hoc|iPhone
		Ad-Hoc|iPhoneSimulator = Ad-Hoc|iPhoneSimulator
		Ad-Hoc|x64 = Ad-Hoc|x64
		Ad-Hoc|x86 = Ad-Hoc|x86
		AppStore|Any CPU = AppStore|Any CPU
		AppStore|ARM = AppStore|ARM
		AppStore|iPhone = AppStore|iPhone
		AppStore|iPhoneSimulator = AppStore|iPhoneSimulator
		AppStore|x64 = AppStore|x64
		AppStore|x86 = AppStore|x86
		Debug|Any CPU = Debug|Any CPU
		Debug|ARM = Debug|ARM
		Debug|iPhone = Debug|iPhone
		Debug|iPhoneSimulator = Debug|iPhoneSimulator
		Debug|x64 = Debug|x64
		Debug|x86 = Debug|x86
		Release|Any CPU = Release|Any CPU
		Release|ARM = Release|ARM
		Release|iPhone = Release|iPhone
		Release|iPhoneSimulator = Release|iPhoneSimulator
		Release|x64 = Release|x64
		Release|x86 = Release|x86
	EndGlobalSection
	GlobalSection(ProjectConfigurationPlatforms) = postSolution
		{028864C1-BC49-4A75-8B80-C0D01F7F9826}.Ad-Hoc|Any CPU.ActiveCfg = Release|Any CPU
		{028864C1-BC49-4A75-8B80-C0D01F7F9826}.Ad-Hoc|Any CPU.Build.0 = Release|Any CPU
		{028864C1-BC49-4A75-8B80-C0D01F7F9826}.Ad-Hoc|Any CPU.Deploy.0 = Release|Any CPU
		{028864C1-BC49-4A75-8B80-C0D01F7F9826}.Ad-Hoc|ARM.ActiveCfg = Debug|Any CPU
		{028864C1-BC49-4A75-8B80-C0D01F7F9826}.Ad-Hoc|ARM.Build.0 = Debug|Any CPU
		{028864C1-BC49-4A75-8B80-C0D01F7F9826}.Ad-Hoc|ARM.Deploy.0 = Debug|Any CPU
		{028864C1-BC49-4A75-8B80-C0D01F7F9826}.Ad-Hoc|iPhone.ActiveCfg = Release|Any CPU
		{028864C1-BC49-4A75-8B80-C0D01F7F9826}.Ad-Hoc|iPhone.Build.0 = Release|Any CPU
		{028864C1-BC49-4A75-8B80-C0D01F7F9826}.Ad-Hoc|iPhone.Deploy.0 = Release|Any CPU
		{028864C1-BC49-4A75-8B80-C0D01F7F9826}.Ad-Hoc|iPhoneSimulator.ActiveCfg = Release|Any CPU
		{028864C1-BC49-4A75-8B80-C0D01F7F9826}.Ad-Hoc|iPhoneSimulator.Build.0 = Release|Any CPU
		{028864C1-BC49-4A75-8B80-C0D01F7F9826}.Ad-Hoc|iPhoneSimulator.Deploy.0 = Release|Any CPU
		{028864C1-BC49-4A75-8B80-C0D01F7F9826}.Ad-Hoc|x64.ActiveCfg = Debug|Any CPU
		{028864C1-BC49-4A75-8B80-C0D01F7F9826}.Ad-Hoc|x64.Build.0 = Debug|Any CPU
		{028864C1-BC49-4A75-8B80-C0D01F7F9826}.Ad-Hoc|x64.Deploy.0 = Debug|Any CPU
		{028864C1-BC49-4A75-8B80-C0D01F7F9826}.Ad-Hoc|x86.ActiveCfg = Debug|Any CPU
		{028864C1-BC49-4A75-8B80-C0D01F7F9826}.Ad-Hoc|x86.Build.0 = Debug|Any CPU
		{028864C1-BC49-4A75-8B80-C0D01F7F9826}.Ad-Hoc|x86.Deploy.0 = Debug|Any CPU
		{028864C1-BC49-4A75-8B80-C0D01F7F9826}.AppStore|Any CPU.ActiveCfg = Release|Any CPU
		{028864C1-BC49-4A75-8B80-C0D01F7F9826}.AppStore|Any CPU.Build.0 = Release|Any CPU
		{028864C1-BC49-4A75-8B80-C0D01F7F9826}.AppStore|Any CPU.Deploy.0 = Release|Any CPU
		{028864C1-BC49-4A75-8B80-C0D01F7F9826}.AppStore|ARM.ActiveCfg = Debug|Any CPU
		{028864C1-BC49-4A75-8B80-C0D01F7F9826}.AppStore|ARM.Build.0 = Debug|Any CPU
		{028864C1-BC49-4A75-8B80-C0D01F7F9826}.AppStore|ARM.Deploy.0 = Debug|Any CPU
		{028864C1-BC49-4A75-8B80-C0D01F7F9826}.AppStore|iPhone.ActiveCfg = Release|Any CPU
		{028864C1-BC49-4A75-8B80-C0D01F7F9826}.AppStore|iPhone.Build.0 = Release|Any CPU
		{028864C1-BC49-4A75-8B80-C0D01F7F9826}.AppStore|iPhone.Deploy.0 = Release|Any CPU
		{028864C1-BC49-4A75-8B80-C0D01F7F9826}.AppStore|iPhoneSimulator.ActiveCfg = Release|Any CPU
		{028864C1-BC49-4A75-8B80-C0D01F7F9826}.AppStore|iPhoneSimulator.Build.0 = Release|Any CPU
		{028864C1-BC49-4A75-8B80-C0D01F7F9826}.AppStore|iPhoneSimulator.Deploy.0 = Release|Any CPU
		{028864C1-BC49-4A75-8B80-C0D01F7F9826}.AppStore|x64.ActiveCfg = Debug|Any CPU
		{028864C1-BC49-4A75-8B80-C0D01F7F9826}.AppStore|x64.Build.0 = Debug|Any CPU
		{028864C1-BC49-4A75-8B80-C0D01F7F9826}.AppStore|x64.Deploy.0 = Debug|Any CPU
		{028864C1-BC49-4A75-8B80-C0D01F7F9826}.AppStore|x86.ActiveCfg = Debug|Any CPU
		{028864C1-BC49-4A75-8B80-C0D01F7F9826}.AppStore|x86.Build.0 = Debug|Any CPU
		{028864C1-BC49-4A75-8B80-C0D01F7F9826}.AppStore|x86.Deploy.0 = Debug|Any CPU
		{028864C1-BC49-4A75-8B80-C0D01F7F9826}.Debug|Any CPU.ActiveCfg = Debug|Any CPU
		{028864C1-BC49-4A75-8B80-C0D01F7F9826}.Debug|Any CPU.Build.0 = Debug|Any CPU
		{028864C1-BC49-4A75-8B80-C0D01F7F9826}.Debug|ARM.ActiveCfg = Debug|Any CPU
		{028864C1-BC49-4A75-8B80-C0D01F7F9826}.Debug|ARM.Build.0 = Debug|Any CPU
		{028864C1-BC49-4A75-8B80-C0D01F7F9826}.Debug|ARM.Deploy.0 = Debug|Any CPU
		{028864C1-BC49-4A75-8B80-C0D01F7F9826}.Debug|iPhone.ActiveCfg = Debug|Any CPU
		{028864C1-BC49-4A75-8B80-C0D01F7F9826}.Debug|iPhone.Build.0 = Debug|Any CPU
		{028864C1-BC49-4A75-8B80-C0D01F7F9826}.Debug|iPhone.Deploy.0 = Debug|Any CPU
		{028864C1-BC49-4A75-8B80-C0D01F7F9826}.Debug|iPhoneSimulator.ActiveCfg = Debug|Any CPU
		{028864C1-BC49-4A75-8B80-C0D01F7F9826}.Debug|iPhoneSimulator.Build.0 = Debug|Any CPU
		{028864C1-BC49-4A75-8B80-C0D01F7F9826}.Debug|iPhoneSimulator.Deploy.0 = Debug|Any CPU
		{028864C1-BC49-4A75-8B80-C0D01F7F9826}.Debug|x64.ActiveCfg = Debug|Any CPU
		{028864C1-BC49-4A75-8B80-C0D01F7F9826}.Debug|x64.Build.0 = Debug|Any CPU
		{028864C1-BC49-4A75-8B80-C0D01F7F9826}.Debug|x64.Deploy.0 = Debug|Any CPU
		{028864C1-BC49-4A75-8B80-C0D01F7F9826}.Debug|x86.ActiveCfg = Debug|Any CPU
		{028864C1-BC49-4A75-8B80-C0D01F7F9826}.Debug|x86.Build.0 = Debug|Any CPU
		{028864C1-BC49-4A75-8B80-C0D01F7F9826}.Debug|x86.Deploy.0 = Debug|Any CPU
		{028864C1-BC49-4A75-8B80-C0D01F7F9826}.Release|Any CPU.ActiveCfg = Release|Any CPU
		{028864C1-BC49-4A75-8B80-C0D01F7F9826}.Release|Any CPU.Build.0 = Release|Any CPU
		{028864C1-BC49-4A75-8B80-C0D01F7F9826}.Release|ARM.ActiveCfg = Release|Any CPU
		{028864C1-BC49-4A75-8B80-C0D01F7F9826}.Release|ARM.Build.0 = Release|Any CPU
		{028864C1-BC49-4A75-8B80-C0D01F7F9826}.Release|ARM.Deploy.0 = Release|Any CPU
		{028864C1-BC49-4A75-8B80-C0D01F7F9826}.Release|iPhone.ActiveCfg = Release|Any CPU
		{028864C1-BC49-4A75-8B80-C0D01F7F9826}.Release|iPhone.Build.0 = Release|Any CPU
		{028864C1-BC49-4A75-8B80-C0D01F7F9826}.Release|iPhone.Deploy.0 = Release|Any CPU
		{028864C1-BC49-4A75-8B80-C0D01F7F9826}.Release|iPhoneSimulator.ActiveCfg = Release|Any CPU
		{028864C1-BC49-4A75-8B80-C0D01F7F9826}.Release|iPhoneSimulator.Build.0 = Release|Any CPU
		{028864C1-BC49-4A75-8B80-C0D01F7F9826}.Release|iPhoneSimulator.Deploy.0 = Release|Any CPU
		{028864C1-BC49-4A75-8B80-C0D01F7F9826}.Release|x64.ActiveCfg = Release|Any CPU
		{028864C1-BC49-4A75-8B80-C0D01F7F9826}.Release|x64.Build.0 = Release|Any CPU
		{028864C1-BC49-4A75-8B80-C0D01F7F9826}.Release|x64.Deploy.0 = Release|Any CPU
		{028864C1-BC49-4A75-8B80-C0D01F7F9826}.Release|x86.ActiveCfg = Release|Any CPU
		{028864C1-BC49-4A75-8B80-C0D01F7F9826}.Release|x86.Build.0 = Release|Any CPU
		{028864C1-BC49-4A75-8B80-C0D01F7F9826}.Release|x86.Deploy.0 = Release|Any CPU
		{BC8F38D0-4B6A-4B97-A1CF-7E32E1BE6873}.Ad-Hoc|Any CPU.ActiveCfg = Ad-Hoc|iPhone
		{BC8F38D0-4B6A-4B97-A1CF-7E32E1BE6873}.Ad-Hoc|ARM.ActiveCfg = Ad-Hoc|iPhoneSimulator
		{BC8F38D0-4B6A-4B97-A1CF-7E32E1BE6873}.Ad-Hoc|iPhone.ActiveCfg = Ad-Hoc|iPhone
		{BC8F38D0-4B6A-4B97-A1CF-7E32E1BE6873}.Ad-Hoc|iPhone.Build.0 = Ad-Hoc|iPhone
		{BC8F38D0-4B6A-4B97-A1CF-7E32E1BE6873}.Ad-Hoc|iPhoneSimulator.ActiveCfg = Ad-Hoc|iPhoneSimulator
		{BC8F38D0-4B6A-4B97-A1CF-7E32E1BE6873}.Ad-Hoc|iPhoneSimulator.Build.0 = Ad-Hoc|iPhoneSimulator
		{BC8F38D0-4B6A-4B97-A1CF-7E32E1BE6873}.Ad-Hoc|x64.ActiveCfg = Ad-Hoc|iPhoneSimulator
		{BC8F38D0-4B6A-4B97-A1CF-7E32E1BE6873}.Ad-Hoc|x86.ActiveCfg = Ad-Hoc|iPhoneSimulator
		{BC8F38D0-4B6A-4B97-A1CF-7E32E1BE6873}.AppStore|Any CPU.ActiveCfg = AppStore|iPhone
		{BC8F38D0-4B6A-4B97-A1CF-7E32E1BE6873}.AppStore|ARM.ActiveCfg = AppStore|iPhoneSimulator
		{BC8F38D0-4B6A-4B97-A1CF-7E32E1BE6873}.AppStore|iPhone.ActiveCfg = AppStore|iPhone
		{BC8F38D0-4B6A-4B97-A1CF-7E32E1BE6873}.AppStore|iPhone.Build.0 = AppStore|iPhone
		{BC8F38D0-4B6A-4B97-A1CF-7E32E1BE6873}.AppStore|iPhoneSimulator.ActiveCfg = AppStore|iPhoneSimulator
		{BC8F38D0-4B6A-4B97-A1CF-7E32E1BE6873}.AppStore|iPhoneSimulator.Build.0 = AppStore|iPhoneSimulator
		{BC8F38D0-4B6A-4B97-A1CF-7E32E1BE6873}.AppStore|x64.ActiveCfg = AppStore|iPhoneSimulator
		{BC8F38D0-4B6A-4B97-A1CF-7E32E1BE6873}.AppStore|x86.ActiveCfg = AppStore|iPhoneSimulator
		{BC8F38D0-4B6A-4B97-A1CF-7E32E1BE6873}.Debug|Any CPU.ActiveCfg = Debug|iPhone
		{BC8F38D0-4B6A-4B97-A1CF-7E32E1BE6873}.Debug|ARM.ActiveCfg = Debug|iPhoneSimulator
		{BC8F38D0-4B6A-4B97-A1CF-7E32E1BE6873}.Debug|iPhone.ActiveCfg = Debug|iPhone
		{BC8F38D0-4B6A-4B97-A1CF-7E32E1BE6873}.Debug|iPhone.Build.0 = Debug|iPhone
		{BC8F38D0-4B6A-4B97-A1CF-7E32E1BE6873}.Debug|iPhoneSimulator.ActiveCfg = Debug|iPhoneSimulator
		{BC8F38D0-4B6A-4B97-A1CF-7E32E1BE6873}.Debug|iPhoneSimulator.Build.0 = Debug|iPhoneSimulator
		{BC8F38D0-4B6A-4B97-A1CF-7E32E1BE6873}.Debug|x64.ActiveCfg = Debug|iPhoneSimulator
		{BC8F38D0-4B6A-4B97-A1CF-7E32E1BE6873}.Debug|x86.ActiveCfg = Debug|iPhoneSimulator
		{BC8F38D0-4B6A-4B97-A1CF-7E32E1BE6873}.Release|Any CPU.ActiveCfg = Release|iPhone
		{BC8F38D0-4B6A-4B97-A1CF-7E32E1BE6873}.Release|ARM.ActiveCfg = Release|iPhoneSimulator
		{BC8F38D0-4B6A-4B97-A1CF-7E32E1BE6873}.Release|iPhone.ActiveCfg = Release|iPhone
		{BC8F38D0-4B6A-4B97-A1CF-7E32E1BE6873}.Release|iPhone.Build.0 = Release|iPhone
		{BC8F38D0-4B6A-4B97-A1CF-7E32E1BE6873}.Release|iPhoneSimulator.ActiveCfg = Release|iPhoneSimulator
		{BC8F38D0-4B6A-4B97-A1CF-7E32E1BE6873}.Release|iPhoneSimulator.Build.0 = Release|iPhoneSimulator
		{BC8F38D0-4B6A-4B97-A1CF-7E32E1BE6873}.Release|x64.ActiveCfg = Release|iPhoneSimulator
		{BC8F38D0-4B6A-4B97-A1CF-7E32E1BE6873}.Release|x86.ActiveCfg = Release|iPhoneSimulator
		{33E1EB34-2B19-4F1C-824C-1C9F04314A30}.Ad-Hoc|Any CPU.ActiveCfg = Release|x64
		{33E1EB34-2B19-4F1C-824C-1C9F04314A30}.Ad-Hoc|Any CPU.Build.0 = Release|x64
		{33E1EB34-2B19-4F1C-824C-1C9F04314A30}.Ad-Hoc|Any CPU.Deploy.0 = Release|x64
		{33E1EB34-2B19-4F1C-824C-1C9F04314A30}.Ad-Hoc|ARM.ActiveCfg = Release|ARM
		{33E1EB34-2B19-4F1C-824C-1C9F04314A30}.Ad-Hoc|ARM.Build.0 = Release|ARM
		{33E1EB34-2B19-4F1C-824C-1C9F04314A30}.Ad-Hoc|ARM.Deploy.0 = Release|ARM
		{33E1EB34-2B19-4F1C-824C-1C9F04314A30}.Ad-Hoc|iPhone.ActiveCfg = Release|x64
		{33E1EB34-2B19-4F1C-824C-1C9F04314A30}.Ad-Hoc|iPhone.Build.0 = Release|x64
		{33E1EB34-2B19-4F1C-824C-1C9F04314A30}.Ad-Hoc|iPhone.Deploy.0 = Release|x64
		{33E1EB34-2B19-4F1C-824C-1C9F04314A30}.Ad-Hoc|iPhoneSimulator.ActiveCfg = Release|x64
		{33E1EB34-2B19-4F1C-824C-1C9F04314A30}.Ad-Hoc|iPhoneSimulator.Build.0 = Release|x64
		{33E1EB34-2B19-4F1C-824C-1C9F04314A30}.Ad-Hoc|iPhoneSimulator.Deploy.0 = Release|x64
		{33E1EB34-2B19-4F1C-824C-1C9F04314A30}.Ad-Hoc|x64.ActiveCfg = Release|x64
		{33E1EB34-2B19-4F1C-824C-1C9F04314A30}.Ad-Hoc|x64.Build.0 = Release|x64
		{33E1EB34-2B19-4F1C-824C-1C9F04314A30}.Ad-Hoc|x64.Deploy.0 = Release|x64
		{33E1EB34-2B19-4F1C-824C-1C9F04314A30}.Ad-Hoc|x86.ActiveCfg = Release|x86
		{33E1EB34-2B19-4F1C-824C-1C9F04314A30}.Ad-Hoc|x86.Build.0 = Release|x86
		{33E1EB34-2B19-4F1C-824C-1C9F04314A30}.Ad-Hoc|x86.Deploy.0 = Release|x86
		{33E1EB34-2B19-4F1C-824C-1C9F04314A30}.AppStore|Any CPU.ActiveCfg = Release|x64
		{33E1EB34-2B19-4F1C-824C-1C9F04314A30}.AppStore|Any CPU.Build.0 = Release|x64
		{33E1EB34-2B19-4F1C-824C-1C9F04314A30}.AppStore|Any CPU.Deploy.0 = Release|x64
		{33E1EB34-2B19-4F1C-824C-1C9F04314A30}.AppStore|ARM.ActiveCfg = Release|ARM
		{33E1EB34-2B19-4F1C-824C-1C9F04314A30}.AppStore|ARM.Build.0 = Release|ARM
		{33E1EB34-2B19-4F1C-824C-1C9F04314A30}.AppStore|ARM.Deploy.0 = Release|ARM
		{33E1EB34-2B19-4F1C-824C-1C9F04314A30}.AppStore|iPhone.ActiveCfg = Release|x64
		{33E1EB34-2B19-4F1C-824C-1C9F04314A30}.AppStore|iPhone.Build.0 = Release|x64
		{33E1EB34-2B19-4F1C-824C-1C9F04314A30}.AppStore|iPhone.Deploy.0 = Release|x64
		{33E1EB34-2B19-4F1C-824C-1C9F04314A30}.AppStore|iPhoneSimulator.ActiveCfg = Release|x64
		{33E1EB34-2B19-4F1C-824C-1C9F04314A30}.AppStore|iPhoneSimulator.Build.0 = Release|x64
		{33E1EB34-2B19-4F1C-824C-1C9F04314A30}.AppStore|iPhoneSimulator.Deploy.0 = Release|x64
		{33E1EB34-2B19-4F1C-824C-1C9F04314A30}.AppStore|x64.ActiveCfg = Release|x64
		{33E1EB34-2B19-4F1C-824C-1C9F04314A30}.AppStore|x64.Build.0 = Release|x64
		{33E1EB34-2B19-4F1C-824C-1C9F04314A30}.AppStore|x64.Deploy.0 = Release|x64
		{33E1EB34-2B19-4F1C-824C-1C9F04314A30}.AppStore|x86.ActiveCfg = Release|x86
		{33E1EB34-2B19-4F1C-824C-1C9F04314A30}.AppStore|x86.Build.0 = Release|x86
		{33E1EB34-2B19-4F1C-824C-1C9F04314A30}.AppStore|x86.Deploy.0 = Release|x86
		{33E1EB34-2B19-4F1C-824C-1C9F04314A30}.Debug|Any CPU.ActiveCfg = Debug|x86
		{33E1EB34-2B19-4F1C-824C-1C9F04314A30}.Debug|Any CPU.Build.0 = Debug|x86
		{33E1EB34-2B19-4F1C-824C-1C9F04314A30}.Debug|Any CPU.Deploy.0 = Debug|x86
		{33E1EB34-2B19-4F1C-824C-1C9F04314A30}.Debug|ARM.ActiveCfg = Debug|ARM
		{33E1EB34-2B19-4F1C-824C-1C9F04314A30}.Debug|ARM.Build.0 = Debug|ARM
		{33E1EB34-2B19-4F1C-824C-1C9F04314A30}.Debug|ARM.Deploy.0 = Debug|ARM
		{33E1EB34-2B19-4F1C-824C-1C9F04314A30}.Debug|iPhone.ActiveCfg = Debug|x86
		{33E1EB34-2B19-4F1C-824C-1C9F04314A30}.Debug|iPhoneSimulator.ActiveCfg = Debug|x86
		{33E1EB34-2B19-4F1C-824C-1C9F04314A30}.Debug|x64.ActiveCfg = Debug|x64
		{33E1EB34-2B19-4F1C-824C-1C9F04314A30}.Debug|x64.Build.0 = Debug|x64
		{33E1EB34-2B19-4F1C-824C-1C9F04314A30}.Debug|x64.Deploy.0 = Debug|x64
		{33E1EB34-2B19-4F1C-824C-1C9F04314A30}.Debug|x86.ActiveCfg = Debug|x86
		{33E1EB34-2B19-4F1C-824C-1C9F04314A30}.Debug|x86.Build.0 = Debug|x86
		{33E1EB34-2B19-4F1C-824C-1C9F04314A30}.Debug|x86.Deploy.0 = Debug|x86
		{33E1EB34-2B19-4F1C-824C-1C9F04314A30}.Release|Any CPU.ActiveCfg = Release|x86
		{33E1EB34-2B19-4F1C-824C-1C9F04314A30}.Release|ARM.ActiveCfg = Release|ARM
		{33E1EB34-2B19-4F1C-824C-1C9F04314A30}.Release|ARM.Build.0 = Release|ARM
		{33E1EB34-2B19-4F1C-824C-1C9F04314A30}.Release|ARM.Deploy.0 = Release|ARM
		{33E1EB34-2B19-4F1C-824C-1C9F04314A30}.Release|iPhone.ActiveCfg = Release|x86
		{33E1EB34-2B19-4F1C-824C-1C9F04314A30}.Release|iPhoneSimulator.ActiveCfg = Release|x86
		{33E1EB34-2B19-4F1C-824C-1C9F04314A30}.Release|x64.ActiveCfg = Release|x64
		{33E1EB34-2B19-4F1C-824C-1C9F04314A30}.Release|x64.Build.0 = Release|x64
		{33E1EB34-2B19-4F1C-824C-1C9F04314A30}.Release|x64.Deploy.0 = Release|x64
		{33E1EB34-2B19-4F1C-824C-1C9F04314A30}.Release|x86.ActiveCfg = Release|x86
		{33E1EB34-2B19-4F1C-824C-1C9F04314A30}.Release|x86.Build.0 = Release|x86
		{33E1EB34-2B19-4F1C-824C-1C9F04314A30}.Release|x86.Deploy.0 = Release|x86
		{4BBDADDC-CEA8-40FC-8B6A-C27FBB01F1F9}.Ad-Hoc|Any CPU.ActiveCfg = Release|Any CPU
		{4BBDADDC-CEA8-40FC-8B6A-C27FBB01F1F9}.Ad-Hoc|Any CPU.Build.0 = Release|Any CPU
		{4BBDADDC-CEA8-40FC-8B6A-C27FBB01F1F9}.Ad-Hoc|ARM.ActiveCfg = Release|ARM
		{4BBDADDC-CEA8-40FC-8B6A-C27FBB01F1F9}.Ad-Hoc|ARM.Build.0 = Release|ARM
		{4BBDADDC-CEA8-40FC-8B6A-C27FBB01F1F9}.Ad-Hoc|iPhone.ActiveCfg = Release|Any CPU
		{4BBDADDC-CEA8-40FC-8B6A-C27FBB01F1F9}.Ad-Hoc|iPhone.Build.0 = Release|Any CPU
		{4BBDADDC-CEA8-40FC-8B6A-C27FBB01F1F9}.Ad-Hoc|iPhoneSimulator.ActiveCfg = Release|Any CPU
		{4BBDADDC-CEA8-40FC-8B6A-C27FBB01F1F9}.Ad-Hoc|iPhoneSimulator.Build.0 = Release|Any CPU
		{4BBDADDC-CEA8-40FC-8B6A-C27FBB01F1F9}.Ad-Hoc|x64.ActiveCfg = Release|x64
		{4BBDADDC-CEA8-40FC-8B6A-C27FBB01F1F9}.Ad-Hoc|x64.Build.0 = Release|x64
		{4BBDADDC-CEA8-40FC-8B6A-C27FBB01F1F9}.Ad-Hoc|x86.ActiveCfg = Release|x86
		{4BBDADDC-CEA8-40FC-8B6A-C27FBB01F1F9}.Ad-Hoc|x86.Build.0 = Release|x86
		{4BBDADDC-CEA8-40FC-8B6A-C27FBB01F1F9}.AppStore|Any CPU.ActiveCfg = Release|Any CPU
		{4BBDADDC-CEA8-40FC-8B6A-C27FBB01F1F9}.AppStore|Any CPU.Build.0 = Release|Any CPU
		{4BBDADDC-CEA8-40FC-8B6A-C27FBB01F1F9}.AppStore|ARM.ActiveCfg = Release|ARM
		{4BBDADDC-CEA8-40FC-8B6A-C27FBB01F1F9}.AppStore|ARM.Build.0 = Release|ARM
		{4BBDADDC-CEA8-40FC-8B6A-C27FBB01F1F9}.AppStore|iPhone.ActiveCfg = Release|Any CPU
		{4BBDADDC-CEA8-40FC-8B6A-C27FBB01F1F9}.AppStore|iPhone.Build.0 = Release|Any CPU
		{4BBDADDC-CEA8-40FC-8B6A-C27FBB01F1F9}.AppStore|iPhoneSimulator.ActiveCfg = Release|Any CPU
		{4BBDADDC-CEA8-40FC-8B6A-C27FBB01F1F9}.AppStore|iPhoneSimulator.Build.0 = Release|Any CPU
		{4BBDADDC-CEA8-40FC-8B6A-C27FBB01F1F9}.AppStore|x64.ActiveCfg = Release|x64
		{4BBDADDC-CEA8-40FC-8B6A-C27FBB01F1F9}.AppStore|x64.Build.0 = Release|x64
		{4BBDADDC-CEA8-40FC-8B6A-C27FBB01F1F9}.AppStore|x86.ActiveCfg = Release|x86
		{4BBDADDC-CEA8-40FC-8B6A-C27FBB01F1F9}.AppStore|x86.Build.0 = Release|x86
		{4BBDADDC-CEA8-40FC-8B6A-C27FBB01F1F9}.Debug|Any CPU.ActiveCfg = Debug|Any CPU
		{4BBDADDC-CEA8-40FC-8B6A-C27FBB01F1F9}.Debug|Any CPU.Build.0 = Debug|Any CPU
		{4BBDADDC-CEA8-40FC-8B6A-C27FBB01F1F9}.Debug|ARM.ActiveCfg = Debug|ARM
		{4BBDADDC-CEA8-40FC-8B6A-C27FBB01F1F9}.Debug|ARM.Build.0 = Debug|ARM
		{4BBDADDC-CEA8-40FC-8B6A-C27FBB01F1F9}.Debug|iPhone.ActiveCfg = Debug|Any CPU
		{4BBDADDC-CEA8-40FC-8B6A-C27FBB01F1F9}.Debug|iPhone.Build.0 = Debug|Any CPU
		{4BBDADDC-CEA8-40FC-8B6A-C27FBB01F1F9}.Debug|iPhoneSimulator.ActiveCfg = Debug|Any CPU
		{4BBDADDC-CEA8-40FC-8B6A-C27FBB01F1F9}.Debug|iPhoneSimulator.Build.0 = Debug|Any CPU
		{4BBDADDC-CEA8-40FC-8B6A-C27FBB01F1F9}.Debug|x64.ActiveCfg = Debug|x64
		{4BBDADDC-CEA8-40FC-8B6A-C27FBB01F1F9}.Debug|x64.Build.0 = Debug|x64
		{4BBDADDC-CEA8-40FC-8B6A-C27FBB01F1F9}.Debug|x86.ActiveCfg = Debug|x86
		{4BBDADDC-CEA8-40FC-8B6A-C27FBB01F1F9}.Debug|x86.Build.0 = Debug|x86
		{4BBDADDC-CEA8-40FC-8B6A-C27FBB01F1F9}.Release|Any CPU.ActiveCfg = Release|Any CPU
		{4BBDADDC-CEA8-40FC-8B6A-C27FBB01F1F9}.Release|Any CPU.Build.0 = Release|Any CPU
		{4BBDADDC-CEA8-40FC-8B6A-C27FBB01F1F9}.Release|ARM.ActiveCfg = Release|ARM
		{4BBDADDC-CEA8-40FC-8B6A-C27FBB01F1F9}.Release|ARM.Build.0 = Release|ARM
		{4BBDADDC-CEA8-40FC-8B6A-C27FBB01F1F9}.Release|iPhone.ActiveCfg = Release|Any CPU
		{4BBDADDC-CEA8-40FC-8B6A-C27FBB01F1F9}.Release|iPhone.Build.0 = Release|Any CPU
		{4BBDADDC-CEA8-40FC-8B6A-C27FBB01F1F9}.Release|iPhoneSimulator.ActiveCfg = Release|Any CPU
		{4BBDADDC-CEA8-40FC-8B6A-C27FBB01F1F9}.Release|iPhoneSimulator.Build.0 = Release|Any CPU
		{4BBDADDC-CEA8-40FC-8B6A-C27FBB01F1F9}.Release|x64.ActiveCfg = Release|x64
		{4BBDADDC-CEA8-40FC-8B6A-C27FBB01F1F9}.Release|x64.Build.0 = Release|x64
		{4BBDADDC-CEA8-40FC-8B6A-C27FBB01F1F9}.Release|x86.ActiveCfg = Release|x86
		{4BBDADDC-CEA8-40FC-8B6A-C27FBB01F1F9}.Release|x86.Build.0 = Release|x86
	EndGlobalSection
	GlobalSection(SolutionProperties) = preSolution
		HideSolutionNode = FALSE
	EndGlobalSection
EndGlobal
